// !$*UTF8*$!
{
	archiveVersion = 1;
	classes = {
	};
	objectVersion = 46;
	objects = {

/* Begin PBXBuildFile section */
		B20FEEC11949A9D100DAA493 /* main.swift in Sources */ = {isa = PBXBuildFile; fileRef = B20FEEC01949A9D100DAA493 /* main.swift */; };
		B20FEEC31949A9D100DAA493 /* AppDelegate.swift in Sources */ = {isa = PBXBuildFile; fileRef = B20FEEC21949A9D100DAA493 /* AppDelegate.swift */; };
		B20FEEC51949A9D100DAA493 /* Images.xcassets in Resources */ = {isa = PBXBuildFile; fileRef = B20FEEC41949A9D100DAA493 /* Images.xcassets */; };
		B20FEEC81949A9D100DAA493 /* MainMenu.xib in Resources */ = {isa = PBXBuildFile; fileRef = B20FEEC61949A9D100DAA493 /* MainMenu.xib */; };
		B20FEED41949A9D100DAA493 /* Hello_TanakoTests.swift in Sources */ = {isa = PBXBuildFile; fileRef = B20FEED31949A9D100DAA493 /* Hello_TanakoTests.swift */; };
/* End PBXBuildFile section */

/* Begin PBXContainerItemProxy section */
		B20FEECE1949A9D100DAA493 /* PBXContainerItemProxy */ = {
			isa = PBXContainerItemProxy;
			containerPortal = B20FEEB31949A9D100DAA493 /* Project object */;
			proxyType = 1;
			remoteGlobalIDString = B20FEEBA1949A9D100DAA493;
			remoteInfo = "Hello Tanako";
		};
/* End PBXContainerItemProxy section */

/* Begin PBXFileReference section */
		B20FEEBB1949A9D100DAA493 /* Hello Tanako.app */ = {isa = PBXFileReference; explicitFileType = wrapper.application; includeInIndex = 0; path = "Hello Tanako.app"; sourceTree = BUILT_PRODUCTS_DIR; };
		B20FEEBF1949A9D100DAA493 /* Info.plist */ = {isa = PBXFileReference; lastKnownFileType = text.plist.xml; path = Info.plist; sourceTree = "<group>"; };
		B20FEEC01949A9D100DAA493 /* main.swift */ = {isa = PBXFileReference; lastKnownFileType = sourcecode.swift; path = main.swift; sourceTree = "<group>"; };
		B20FEEC21949A9D100DAA493 /* AppDelegate.swift */ = {isa = PBXFileReference; lastKnownFileType = sourcecode.swift; path = AppDelegate.swift; sourceTree = "<group>"; };
		B20FEEC41949A9D100DAA493 /* Images.xcassets */ = {isa = PBXFileReference; lastKnownFileType = folder.assetcatalog; path = Images.xcassets; sourceTree = "<group>"; };
		B20FEEC71949A9D100DAA493 /* Base */ = {isa = PBXFileReference; lastKnownFileType = file.xib; name = Base; path = Base.lproj/MainMenu.xib; sourceTree = "<group>"; };
		B20FEECD1949A9D100DAA493 /* Hello TanakoTests.xctest */ = {isa = PBXFileReference; explicitFileType = wrapper.cfbundle; includeInIndex = 0; path = "Hello TanakoTests.xctest"; sourceTree = BUILT_PRODUCTS_DIR; };
		B20FEED21949A9D100DAA493 /* Info.plist */ = {isa = PBXFileReference; lastKnownFileType = text.plist.xml; path = Info.plist; sourceTree = "<group>"; };
		B20FEED31949A9D100DAA493 /* Hello_TanakoTests.swift */ = {isa = PBXFileReference; lastKnownFileType = sourcecode.swift; path = Hello_TanakoTests.swift; sourceTree = "<group>"; };
/* End PBXFileReference section */

/* Begin PBXFrameworksBuildPhase section */
		B20FEEB81949A9D100DAA493 /* Frameworks */ = {
			isa = PBXFrameworksBuildPhase;
			buildActionMask = 2147483647;
			files = (
			);
			runOnlyForDeploymentPostprocessing = 0;
		};
		B20FEECA1949A9D100DAA493 /* Frameworks */ = {
			isa = PBXFrameworksBuildPhase;
			buildActionMask = 2147483647;
			files = (
			);
			runOnlyForDeploymentPostprocessing = 0;
		};
/* End PBXFrameworksBuildPhase section */

/* Begin PBXGroup section */
		B20FEEB21949A9D100DAA493 = {
			isa = PBXGroup;
			children = (
				B20FEEBD1949A9D100DAA493 /* Hello Tanako */,
				B20FEED01949A9D100DAA493 /* Hello TanakoTests */,
				B20FEEBC1949A9D100DAA493 /* Products */,
			);
			sourceTree = "<group>";
		};
		B20FEEBC1949A9D100DAA493 /* Products */ = {
			isa = PBXGroup;
			children = (
				B20FEEBB1949A9D100DAA493 /* Hello Tanako.app */,
				B20FEECD1949A9D100DAA493 /* Hello TanakoTests.xctest */,
			);
			name = Products;
			sourceTree = "<group>";
		};
		B20FEEBD1949A9D100DAA493 /* Hello Tanako */ = {
			isa = PBXGroup;
			children = (
				B20FEEC21949A9D100DAA493 /* AppDelegate.swift */,
				B20FEEC41949A9D100DAA493 /* Images.xcassets */,
				B20FEEC61949A9D100DAA493 /* MainMenu.xib */,
				B20FEEBE1949A9D100DAA493 /* Supporting Files */,
			);
			path = "Hello Tanako";
			sourceTree = "<group>";
		};
		B20FEEBE1949A9D100DAA493 /* Supporting Files */ = {
			isa = PBXGroup;
			children = (
				B20FEEBF1949A9D100DAA493 /* Info.plist */,
				B20FEEC01949A9D100DAA493 /* main.swift */,
			);
			name = "Supporting Files";
			sourceTree = "<group>";
		};
		B20FEED01949A9D100DAA493 /* Hello TanakoTests */ = {
			isa = PBXGroup;
			children = (
				B20FEED31949A9D100DAA493 /* Hello_TanakoTests.swift */,
				B20FEED11949A9D100DAA493 /* Supporting Files */,
			);
			path = "Hello TanakoTests";
			sourceTree = "<group>";
		};
		B20FEED11949A9D100DAA493 /* Supporting Files */ = {
			isa = PBXGroup;
			children = (
				B20FEED21949A9D100DAA493 /* Info.plist */,
			);
			name = "Supporting Files";
			sourceTree = "<group>";
		};
/* End PBXGroup section */

/* Begin PBXNativeTarget section */
		B20FEEBA1949A9D100DAA493 /* Hello Tanako */ = {
			isa = PBXNativeTarget;
			buildConfigurationList = B20FEED71949A9D100DAA493 /* Build configuration list for PBXNativeTarget "Hello Tanako" */;
			buildPhases = (
				B20FEEB71949A9D100DAA493 /* Sources */,
				B20FEEB81949A9D100DAA493 /* Frameworks */,
				B20FEEB91949A9D100DAA493 /* Resources */,
			);
			buildRules = (
			);
			dependencies = (
			);
			name = "Hello Tanako";
			productName = "Hello Tanako";
			productReference = B20FEEBB1949A9D100DAA493 /* Hello Tanako.app */;
			productType = "com.apple.product-type.application";
		};
		B20FEECC1949A9D100DAA493 /* Hello TanakoTests */ = {
			isa = PBXNativeTarget;
			buildConfigurationList = B20FEEDA1949A9D100DAA493 /* Build configuration list for PBXNativeTarget "Hello TanakoTests" */;
			buildPhases = (
				B20FEEC91949A9D100DAA493 /* Sources */,
				B20FEECA1949A9D100DAA493 /* Frameworks */,
				B20FEECB1949A9D100DAA493 /* Resources */,
			);
			buildRules = (
			);
			dependencies = (
				B20FEECF1949A9D100DAA493 /* PBXTargetDependency */,
			);
			name = "Hello TanakoTests";
			productName = "Hello TanakoTests";
			productReference = B20FEECD1949A9D100DAA493 /* Hello TanakoTests.xctest */;
			productType = "com.apple.product-type.bundle.unit-test";
		};
/* End PBXNativeTarget section */

/* Begin PBXProject section */
		B20FEEB31949A9D100DAA493 /* Project object */ = {
			isa = PBXProject;
			attributes = {
				LastUpgradeCheck = 0600;
				ORGANIZATIONNAME = Serjo;
				TargetAttributes = {
					B20FEEBA1949A9D100DAA493 = {
						CreatedOnToolsVersion = 6.0;
					};
					B20FEECC1949A9D100DAA493 = {
						CreatedOnToolsVersion = 6.0;
						TestTargetID = B20FEEBA1949A9D100DAA493;
					};
				};
			};
			buildConfigurationList = B20FEEB61949A9D100DAA493 /* Build configuration list for PBXProject "Hello Tanako" */;
			compatibilityVersion = "Xcode 3.2";
			developmentRegion = English;
			hasScannedForEncodings = 0;
			knownRegions = (
				en,
				Base,
			);
			mainGroup = B20FEEB21949A9D100DAA493;
			productRefGroup = B20FEEBC1949A9D100DAA493 /* Products */;
			projectDirPath = "";
			projectRoot = "";
			targets = (
				B20FEEBA1949A9D100DAA493 /* Hello Tanako */,
				B20FEECC1949A9D100DAA493 /* Hello TanakoTests */,
			);
		};
/* End PBXProject section */

/* Begin PBXResourcesBuildPhase section */
		B20FEEB91949A9D100DAA493 /* Resources */ = {
			isa = PBXResourcesBuildPhase;
			buildActionMask = 2147483647;
			files = (
				B20FEEC51949A9D100DAA493 /* Images.xcassets in Resources */,
				B20FEEC81949A9D100DAA493 /* MainMenu.xib in Resources */,
			);
			runOnlyForDeploymentPostprocessing = 0;
		};
		B20FEECB1949A9D100DAA493 /* Resources */ = {
			isa = PBXResourcesBuildPhase;
			buildActionMask = 2147483647;
			files = (
			);
			runOnlyForDeploymentPostprocessing = 0;
		};
/* End PBXResourcesBuildPhase section */

/* Begin PBXSourcesBuildPhase section */
		B20FEEB71949A9D100DAA493 /* Sources */ = {
			isa = PBXSourcesBuildPhase;
			buildActionMask = 2147483647;
			files = (
				B20FEEC31949A9D100DAA493 /* AppDelegate.swift in Sources */,
				B20FEEC11949A9D100DAA493 /* main.swift in Sources */,
			);
			runOnlyForDeploymentPostprocessing = 0;
		};
		B20FEEC91949A9D100DAA493 /* Sources */ = {
			isa = PBXSourcesBuildPhase;
			buildActionMask = 2147483647;
			files = (
				B20FEED41949A9D100DAA493 /* Hello_TanakoTests.swift in Sources */,
			);
			runOnlyForDeploymentPostprocessing = 0;
		};
/* End PBXSourcesBuildPhase section */

/* Begin PBXTargetDependency section */
		B20FEECF1949A9D100DAA493 /* PBXTargetDependency */ = {
			isa = PBXTargetDependency;
			target = B20FEEBA1949A9D100DAA493 /* Hello Tanako */;
			targetProxy = B20FEECE1949A9D100DAA493 /* PBXContainerItemProxy */;
		};
/* End PBXTargetDependency section */

/* Begin PBXVariantGroup section */
		B20FEEC61949A9D100DAA493 /* MainMenu.xib */ = {
			isa = PBXVariantGroup;
			children = (
				B20FEEC71949A9D100DAA493 /* Base */,
			);
			name = MainMenu.xib;
			sourceTree = "<group>";
		};
/* End PBXVariantGroup section */

/* Begin XCBuildConfiguration section */
		B20FEED51949A9D100DAA493 /* Debug */ = {
			isa = XCBuildConfiguration;
			buildSettings = {
				ALWAYS_SEARCH_USER_PATHS = NO;
				CLANG_CXX_LANGUAGE_STANDARD = "gnu++0x";
				CLANG_CXX_LIBRARY = "libc++";
				CLANG_ENABLE_MODULES = YES;
				CLANG_ENABLE_OBJC_ARC = YES;
				CLANG_WARN_BOOL_CONVERSION = YES;
				CLANG_WARN_CONSTANT_CONVERSION = YES;
				CLANG_WARN_DIRECT_OBJC_ISA_USAGE = YES_ERROR;
				CLANG_WARN_EMPTY_BODY = YES;
				CLANG_WARN_ENUM_CONVERSION = YES;
				CLANG_WARN_INT_CONVERSION = YES;
				CLANG_WARN_OBJC_ROOT_CLASS = YES_ERROR;
				CLANG_WARN_UNREACHABLE_CODE = YES;
				CLANG_WARN__DUPLICATE_METHOD_MATCH = YES;
				CODE_SIGN_IDENTITY = "-";
				COPY_PHASE_STRIP = NO;
				ENABLE_STRICT_OBJC_MSGSEND = YES;
				GCC_C_LANGUAGE_STANDARD = gnu99;
				GCC_DYNAMIC_NO_PIC = NO;
				GCC_OPTIMIZATION_LEVEL = 0;
				GCC_PREPROCESSOR_DEFINITIONS = (
					"DEBUG=1",
					"$(inherited)",
				);
				GCC_SYMBOLS_PRIVATE_EXTERN = NO;
				GCC_WARN_64_TO_32_BIT_CONVERSION = YES;
				GCC_WARN_ABOUT_RETURN_TYPE = YES_ERROR;
				GCC_WARN_UNDECLARED_SELECTOR = YES;
				GCC_WARN_UNINITIALIZED_AUTOS = YES_AGGRESSIVE;
				GCC_WARN_UNUSED_FUNCTION = YES;
				GCC_WARN_UNUSED_VARIABLE = YES;
				MACOSX_DEPLOYMENT_TARGET = 10.9;
				METAL_ENABLE_DEBUG_INFO = YES;
				ONLY_ACTIVE_ARCH = YES;
				SDKROOT = macosx;
				SWIFT_OPTIMIZATION_LEVEL = "-Onone";
			};
			name = Debug;
		};
		B20FEED61949A9D100DAA493 /* Release */ = {
			isa = XCBuildConfiguration;
			buildSettings = {
				ALWAYS_SEARCH_USER_PATHS = NO;
				CLANG_CXX_LANGUAGE_STANDARD = "gnu++0x";
				CLANG_CXX_LIBRARY = "libc++";
				CLANG_ENABLE_MODULES = YES;
				CLANG_ENABLE_OBJC_ARC = YES;
				CLANG_WARN_BOOL_CONVERSION = YES;
				CLANG_WARN_CONSTANT_CONVERSION = YES;
				CLANG_WARN_DIRECT_OBJC_ISA_USAGE = YES_ERROR;
				CLANG_WARN_EMPTY_BODY = YES;
				CLANG_WARN_ENUM_CONVERSION = YES;
				CLANG_WARN_INT_CONVERSION = YES;
				CLANG_WARN_OBJC_ROOT_CLASS = YES_ERROR;
				CLANG_WARN_UNREACHABLE_CODE = YES;
				CLANG_WARN__DUPLICATE_METHOD_MATCH = YES;
				CODE_SIGN_IDENTITY = "-";
				COPY_PHASE_STRIP = YES;
				DEBUG_INFORMATION_FORMAT = "dwarf-with-dsym";
				ENABLE_NS_ASSERTIONS = NO;
				ENABLE_STRICT_OBJC_MSGSEND = YES;
				GCC_C_LANGUAGE_STANDARD = gnu99;
				GCC_WARN_64_TO_32_BIT_CONVERSION = YES;
				GCC_WARN_ABOUT_RETURN_TYPE = YES_ERROR;
				GCC_WARN_UNDECLARED_SELECTOR = YES;
				GCC_WARN_UNINITIALIZED_AUTOS = YES_AGGRESSIVE;
				GCC_WARN_UNUSED_FUNCTION = YES;
				GCC_WARN_UNUSED_VARIABLE = YES;
				MACOSX_DEPLOYMENT_TARGET = 10.9;
				METAL_ENABLE_DEBUG_INFO = NO;
				SDKROOT = macosx;
			};
			name = Release;
		};
		B20FEED81949A9D100DAA493 /* Debug */ = {
			isa = XCBuildConfiguration;
			buildSettings = {
				ASSETCATALOG_COMPILER_APPICON_NAME = AppIcon;
				COMBINE_HIDPI_IMAGES = YES;
				INFOPLIST_FILE = "Hello Tanako/Info.plist";
				LD_RUNPATH_SEARCH_PATHS = "$(inherited) @executable_path/../Frameworks";
				PRODUCT_NAME = "$(TARGET_NAME)";
			};
			name = Debug;
		};
		B20FEED91949A9D100DAA493 /* Release */ = {
			isa = XCBuildConfiguration;
			buildSettings = {
				ASSETCATALOG_COMPILER_APPICON_NAME = AppIcon;
				COMBINE_HIDPI_IMAGES = YES;
				INFOPLIST_FILE = "Hello Tanako/Info.plist";
				LD_RUNPATH_SEARCH_PATHS = "$(inherited) @executable_path/../Frameworks";
				PRODUCT_NAME = "$(TARGET_NAME)";
			};
			name = Release;
		};
		B20FEEDB1949A9D100DAA493 /* Debug */ = {
			isa = XCBuildConfiguration;
			buildSettings = {
				BUNDLE_LOADER = "$(BUILT_PRODUCTS_DIR)/Hello Tanako.app/Contents/MacOS/Hello Tanako";
				COMBINE_HIDPI_IMAGES = YES;
				FRAMEWORK_SEARCH_PATHS = (
					"$(DEVELOPER_FRAMEWORKS_DIR)",
					"$(inherited)",
				);
				GCC_PREPROCESSOR_DEFINITIONS = (
					"DEBUG=1",
					"$(inherited)",
				);
				INFOPLIST_FILE = "Hello TanakoTests/Info.plist";
				LD_RUNPATH_SEARCH_PATHS = "$(inherited) @executable_path/../Frameworks @loader_path/../Frameworks";
				METAL_ENABLE_DEBUG_INFO = YES;
				PRODUCT_NAME = "$(TARGET_NAME)";
				TEST_HOST = "$(BUNDLE_LOADER)";
			};
			name = Debug;
		};
		B20FEEDC1949A9D100DAA493 /* Release */ = {
			isa = XCBuildConfiguration;
			buildSettings = {
				BUNDLE_LOADER = "$(BUILT_PRODUCTS_DIR)/Hello Tanako.app/Contents/MacOS/Hello Tanako";
				COMBINE_HIDPI_IMAGES = YES;
				FRAMEWORK_SEARCH_PATHS = (
					"$(DEVELOPER_FRAMEWORKS_DIR)",
					"$(inherited)",
				);
				INFOPLIST_FILE = "Hello TanakoTests/Info.plist";
				LD_RUNPATH_SEARCH_PATHS = "$(inherited) @executable_path/../Frameworks @loader_path/../Frameworks";
				METAL_ENABLE_DEBUG_INFO = NO;
				PRODUCT_NAME = "$(TARGET_NAME)";
				TEST_HOST = "$(BUNDLE_LOADER)";
			};
			name = Release;
		};
/* End XCBuildConfiguration section */

/* Begin XCConfigurationList section */
		B20FEEB61949A9D100DAA493 /* Build configuration list for PBXProject "Hello Tanako" */ = {
			isa = XCConfigurationList;
			buildConfigurations = (
				B20FEED51949A9D100DAA493 /* Debug */,
				B20FEED61949A9D100DAA493 /* Release */,
			);
			defaultConfigurationIsVisible = 0;
			defaultConfigurationName = Release;
		};
		B20FEED71949A9D100DAA493 /* Build configuration list for PBXNativeTarget "Hello Tanako" */ = {
			isa = XCConfigurationList;
			buildConfigurations = (
				B20FEED81949A9D100DAA493 /* Debug */,
				B20FEED91949A9D100DAA493 /* Release */,
			);
			defaultConfigurationIsVisible = 0;
		};
		B20FEEDA1949A9D100DAA493 /* Build configuration list for PBXNativeTarget "Hello TanakoTests" */ = {
			isa = XCConfigurationList;
			buildConfigurations = (
				B20FEEDB1949A9D100DAA493 /* Debug */,
				B20FEEDC1949A9D100DAA493 /* Release */,
			);
			defaultConfigurationIsVisible = 0;
		};
/* End XCConfigurationList section */
	};
	rootObject = B20FEEB31949A9D100DAA493 /* Project object */;
}
